
Microsoft Visual Studio Solution File, Format Version 12.00
# Visual Studio Version 16
VisualStudioVersion = 16.0.31624.102
MinimumVisualStudioVersion = 10.0.40219.1
Project("{FAE04EC0-301F-11D3-BF4B-00C04F79EFBC}") = "FootBallPlayer", "FootBallPlayer\FootBallPlayer.csproj", "{6351FDDF-323B-41EE-8B71-BBAE981F0364}"
EndProject
Project("{FAE04EC0-301F-11D3-BF4B-00C04F79EFBC}") = "FootBallPlayerTests", "FootBallPlayerTests\FootBallPlayerTests.csproj", "{C57168EB-AD3F-44F3-BC6F-713745273B90}"
EndProject
Global
	GlobalSection(SolutionConfigurationPlatforms) = preSolution
		Debug|Any CPU = Debug|Any CPU
		Release|Any CPU = Release|Any CPU
	EndGlobalSection
	GlobalSection(ProjectConfigurationPlatforms) = postSolution
		{6351FDDF-323B-41EE-8B71-BBAE981F0364}.Debug|Any CPU.ActiveCfg = Debug|Any CPU
		{6351FDDF-323B-41EE-8B71-BBAE981F0364}.Debug|Any CPU.Build.0 = Debug|Any CPU
		{6351FDDF-323B-41EE-8B71-BBAE981F0364}.Release|Any CPU.ActiveCfg = Release|Any CPU
		{6351FDDF-323B-41EE-8B71-BBAE981F0364}.Release|Any CPU.Build.0 = Release|Any CPU
		{C57168EB-AD3F-44F3-BC6F-713745273B90}.Debug|Any CPU.ActiveCfg = Debug|Any CPU
		{C57168EB-AD3F-44F3-BC6F-713745273B90}.Debug|Any CPU.Build.0 = Debug|Any CPU
		{C57168EB-AD3F-44F3-BC6F-713745273B90}.Release|Any CPU.ActiveCfg = Release|Any CPU
		{C57168EB-AD3F-44F3-BC6F-713745273B90}.Release|Any CPU.Build.0 = Release|Any CPU
	EndGlobalSection
	GlobalSection(SolutionProperties) = preSolution
		HideSolutionNode = FALSE
	EndGlobalSection
	GlobalSection(ExtensibilityGlobals) = postSolution
		SolutionGuid = {AC61D174-5A2E-4B9D-BFEB-CAE5E4D6075A}
	EndGlobalSection
EndGlobal
